
Microsoft Visual Studio Solution File, Format Version 12.00
# Visual Studio Version 16
VisualStudioVersion = 16.0.31911.196
MinimumVisualStudioVersion = 10.0.40219.1
Project("{FAE04EC0-301F-11D3-BF4B-00C04F79EFBC}") = "OnlineTicariOtomasyon", "OnlineTicariOtomasyon\OnlineTicariOtomasyon.csproj", "{E0508EE3-26D6-4E15-89D4-EF90C03E0B5C}"
EndProject
Global
	GlobalSection(SolutionConfigurationPlatforms) = preSolution
		Debug|Any CPU = Debug|Any CPU
		Release|Any CPU = Release|Any CPU
	EndGlobalSection
	GlobalSection(ProjectConfigurationPlatforms) = postSolution
		{E0508EE3-26D6-4E15-89D4-EF90C03E0B5C}.Debug|Any CPU.ActiveCfg = Debug|Any CPU
		{E0508EE3-26D6-4E15-89D4-EF90C03E0B5C}.Debug|Any CPU.Build.0 = Debug|Any CPU
		{E0508EE3-26D6-4E15-89D4-EF90C03E0B5C}.Release|Any CPU.ActiveCfg = Release|Any CPU
		{E0508EE3-26D6-4E15-89D4-EF90C03E0B5C}.Release|Any CPU.Build.0 = Release|Any CPU
	EndGlobalSection
	GlobalSection(SolutionProperties) = preSolution
		HideSolutionNode = FALSE
	EndGlobalSection
	GlobalSection(ExtensibilityGlobals) = postSolution
		SolutionGuid = {AE9AFF40-9CFF-4E07-93D7-B0EE7155E01D}
	EndGlobalSection
EndGlobal
